
Microsoft Visual Studio Solution File, Format Version 12.00
# Visual Studio Version 17
VisualStudioVersion = 17.1.32228.430
MinimumVisualStudioVersion = 10.0.40219.1
Project("{FAE04EC0-301F-11D3-BF4B-00C04F79EFBC}") = "AVS", "AVS\AVS.csproj", "{EEBA39E9-77AD-4D99-9951-F3BA2D7B94C6}"
EndProject
Global
	GlobalSection(SolutionConfigurationPlatforms) = preSolution
		Debug|Any CPU = Debug|Any CPU
		Debug|x64 = Debug|x64
		Release|Any CPU = Release|Any CPU
		Release|x64 = Release|x64
	EndGlobalSection
	GlobalSection(ProjectConfigurationPlatforms) = postSolution
		{EEBA39E9-77AD-4D99-9951-F3BA2D7B94C6}.Debug|Any CPU.ActiveCfg = Debug|Any CPU
		{EEBA39E9-77AD-4D99-9951-F3BA2D7B94C6}.Debug|Any CPU.Build.0 = Debug|Any CPU
		{EEBA39E9-77AD-4D99-9951-F3BA2D7B94C6}.Debug|x64.ActiveCfg = Debug|x64
		{EEBA39E9-77AD-4D99-9951-F3BA2D7B94C6}.Debug|x64.Build.0 = Debug|x64
		{EEBA39E9-77AD-4D99-9951-F3BA2D7B94C6}.Release|Any CPU.ActiveCfg = Release|Any CPU
		{EEBA39E9-77AD-4D99-9951-F3BA2D7B94C6}.Release|Any CPU.Build.0 = Release|Any CPU
		{EEBA39E9-77AD-4D99-9951-F3BA2D7B94C6}.Release|x64.ActiveCfg = Release|x64
		{EEBA39E9-77AD-4D99-9951-F3BA2D7B94C6}.Release|x64.Build.0 = Release|x64
	EndGlobalSection
	GlobalSection(SolutionProperties) = preSolution
		HideSolutionNode = FALSE
	EndGlobalSection
	GlobalSection(ExtensibilityGlobals) = postSolution
		SolutionGuid = {5BEEA46E-B6B9-4E06-B7FA-80DBEB7A7BA5}
	EndGlobalSection
EndGlobal
